
Microsoft Visual Studio Solution File, Format Version 12.00
# Visual Studio Version 17
VisualStudioVersion = 17.5.33530.505
MinimumVisualStudioVersion = 10.0.40219.1
Project("{8BC9CEB8-8B4A-11D0-8D11-00A0C91BC942}") = "To_Do_List", "To_Do_List.vcxproj", "{CCAA93F8-6174-409B-B246-D32DB243D08D}"
EndProject
Global
	GlobalSection(SolutionConfigurationPlatforms) = preSolution
		Debug|x64 = Debug|x64
		Debug|x86 = Debug|x86
		Release|x64 = Release|x64
		Release|x86 = Release|x86
	EndGlobalSection
	GlobalSection(ProjectConfigurationPlatforms) = postSolution
		{CCAA93F8-6174-409B-B246-D32DB243D08D}.Debug|x64.ActiveCfg = Debug|x64
		{CCAA93F8-6174-409B-B246-D32DB243D08D}.Debug|x64.Build.0 = Debug|x64
		{CCAA93F8-6174-409B-B246-D32DB243D08D}.Debug|x86.ActiveCfg = Debug|Win32
		{CCAA93F8-6174-409B-B246-D32DB243D08D}.Debug|x86.Build.0 = Debug|Win32
		{CCAA93F8-6174-409B-B246-D32DB243D08D}.Release|x64.ActiveCfg = Release|x64
		{CCAA93F8-6174-409B-B246-D32DB243D08D}.Release|x64.Build.0 = Release|x64
		{CCAA93F8-6174-409B-B246-D32DB243D08D}.Release|x86.ActiveCfg = Release|Win32
		{CCAA93F8-6174-409B-B246-D32DB243D08D}.Release|x86.Build.0 = Release|Win32
	EndGlobalSection
	GlobalSection(SolutionProperties) = preSolution
		HideSolutionNode = FALSE
	EndGlobalSection
	GlobalSection(ExtensibilityGlobals) = postSolution
		SolutionGuid = {E21AE0A8-8D4B-49C6-83B1-3C28C3FD47D5}
	EndGlobalSection
EndGlobal
